
Microsoft Visual Studio Solution File, Format Version 12.00
# Visual Studio 14
VisualStudioVersion = 14.0.25420.1
MinimumVisualStudioVersion = 10.0.40219.1
Project("{FAE04EC0-301F-11D3-BF4B-00C04F79EFBC}") = "CrawlerProject", "CrawlerProject\CrawlerProject.csproj", "{0DC1020D-DDF9-4629-B03B-D83060029916}"
EndProject
Project("{FAE04EC0-301F-11D3-BF4B-00C04F79EFBC}") = "ActionLayer", "ActionService\ActionLayer.csproj", "{387C689D-45A1-48BF-8C69-929665FD19D5}"
EndProject
Project("{FAE04EC0-301F-11D3-BF4B-00C04F79EFBC}") = "DataLayer", "DataLayer\DataLayer.csproj", "{0DA79F4F-9B8E-4C8E-A5C1-83856311200E}"
EndProject
Project("{FAE04EC0-301F-11D3-BF4B-00C04F79EFBC}") = "TestLayer", "TestLayer\TestLayer.csproj", "{8BB4F8D8-A546-4729-A4D2-9C6BEC7B282F}"
EndProject
Global
	GlobalSection(SolutionConfigurationPlatforms) = preSolution
		Debug|Any CPU = Debug|Any CPU
		Release|Any CPU = Release|Any CPU
	EndGlobalSection
	GlobalSection(ProjectConfigurationPlatforms) = postSolution
		{0DC1020D-DDF9-4629-B03B-D83060029916}.Debug|Any CPU.ActiveCfg = Debug|Any CPU
		{0DC1020D-DDF9-4629-B03B-D83060029916}.Debug|Any CPU.Build.0 = Debug|Any CPU
		{0DC1020D-DDF9-4629-B03B-D83060029916}.Release|Any CPU.ActiveCfg = Release|Any CPU
		{0DC1020D-DDF9-4629-B03B-D83060029916}.Release|Any CPU.Build.0 = Release|Any CPU
		{387C689D-45A1-48BF-8C69-929665FD19D5}.Debug|Any CPU.ActiveCfg = Debug|Any CPU
		{387C689D-45A1-48BF-8C69-929665FD19D5}.Debug|Any CPU.Build.0 = Debug|Any CPU
		{387C689D-45A1-48BF-8C69-929665FD19D5}.Release|Any CPU.ActiveCfg = Release|Any CPU
		{387C689D-45A1-48BF-8C69-929665FD19D5}.Release|Any CPU.Build.0 = Release|Any CPU
		{0DA79F4F-9B8E-4C8E-A5C1-83856311200E}.Debug|Any CPU.ActiveCfg = Debug|Any CPU
		{0DA79F4F-9B8E-4C8E-A5C1-83856311200E}.Debug|Any CPU.Build.0 = Debug|Any CPU
		{0DA79F4F-9B8E-4C8E-A5C1-83856311200E}.Release|Any CPU.ActiveCfg = Release|Any CPU
		{0DA79F4F-9B8E-4C8E-A5C1-83856311200E}.Release|Any CPU.Build.0 = Release|Any CPU
		{8BB4F8D8-A546-4729-A4D2-9C6BEC7B282F}.Debug|Any CPU.ActiveCfg = Debug|Any CPU
		{8BB4F8D8-A546-4729-A4D2-9C6BEC7B282F}.Debug|Any CPU.Build.0 = Debug|Any CPU
		{8BB4F8D8-A546-4729-A4D2-9C6BEC7B282F}.Release|Any CPU.ActiveCfg = Release|Any CPU
		{8BB4F8D8-A546-4729-A4D2-9C6BEC7B282F}.Release|Any CPU.Build.0 = Release|Any CPU
	EndGlobalSection
	GlobalSection(SolutionProperties) = preSolution
		HideSolutionNode = FALSE
	EndGlobalSection
	GlobalSection(TeamFoundationVersionControl) = preSolution
		SccNumberOfProjects = 5
		SccEnterpriseProvider = {4CA58AB2-18FA-4F8D-95D4-32DDF27D184C}
		SccTeamFoundationServer = https://zeynepkesim.visualstudio.com/
		SccLocalPath0 = .
		SccProjectUniqueName1 = CrawlerProject\\CrawlerProject.csproj
		SccProjectName1 = CrawlerProject
		SccLocalPath1 = CrawlerProject
		SccProjectUniqueName2 = DataLayer\\DataLayer.csproj
		SccProjectName2 = DataLayer
		SccLocalPath2 = DataLayer
		SccProjectUniqueName3 = ActionService\\ActionLayer.csproj
		SccProjectName3 = ActionService
		SccLocalPath3 = ActionService
		SccProjectUniqueName4 = TestLayer\\TestLayer.csproj
		SccProjectName4 = TestLayer
		SccLocalPath4 = TestLayer
	EndGlobalSection
EndGlobal
